schema: '2.0'
stages:
  get_data:
    cmd: python src/get_data.py
    deps:
    - path: src/get_data.py
      hash: md5
      md5: d656d9ef63436b148ee9d8cfab40d5d7
      size: 601
    outs:
    - path: smsspamcollection
      hash: md5
      md5: 6a96da26fe9ed5d450b58dd97347334e.dir
      size: 687902
      nfiles: 3
  preprocess:
    cmd: python src/text_preprocessing.py
    deps:
    - path: smsspamcollection
      hash: md5
      md5: 6a96da26fe9ed5d450b58dd97347334e.dir
      size: 687902
      nfiles: 3
    - path: src/text_preprocessing.py
      hash: md5
      md5: ed0b9c3b0ff2d70215f4e58f517a46cf
      size: 2533
    outs:
    - path: output/preprocessed_data.joblib
      hash: md5
      md5: 89bcd7ad10463ab89b2c4fb21ae1c84a
      size: 495124
    - path: output/preprocessor.joblib
      hash: md5
      md5: 7fe81eeed2e49913cf70954f57856073
      size: 137399
  train:
    cmd: python src/text_classification.py
    deps:
    - path: output/preprocessed_data.joblib
      hash: md5
      md5: 89bcd7ad10463ab89b2c4fb21ae1c84a
      size: 495124
    - path: output/preprocessor.joblib
      hash: md5
      md5: 7fe81eeed2e49913cf70954f57856073
      size: 137399
    - path: src/text_classification.py
      hash: md5
      md5: c7df0ffb1fbf16badf37b29b6e91b2a1
      size: 3430
    outs:
    - path: metrics.json
      hash: md5
      md5: d4d31e881064d101817e659ccd4cbc2b
      size: 203
    - path: output/model.joblib
      hash: md5
      md5: 9404360e969a667ebcdd33a1d019ee80
      size: 15065
