schema: '2.0'
stages:
  get_data:
    cmd: python src/get_data.py
    deps:
    - path: src/get_data.py
      hash: md5
      md5: 5ac94a470144440aeadc98078aa1751a
      size: 522
    outs:
    - path: smsspamcollection
      hash: md5
      md5: 5a84bb806c75cbc704c9fb17e1ba8e44.dir
      size: 604940
      nfiles: 3
  preprocess:
    cmd: python src/text_preprocessing.py
    deps:
    - path: src/text_preprocessing.py
      hash: md5
      md5: ed0b9c3b0ff2d70215f4e58f517a46cf
      size: 2533
    outs:
    - path: output/preprocessed_data.joblib
      hash: md5
      md5: ac49dc882fc7d8d592f72d09c00c2ed8
      size: 251348
    - path: output/preprocessor.joblib
      hash: md5
      md5: ae2047590cadcc72259a2272c4d03b47
      size: 91639
  train:
    cmd: python src/text_classification.py
    deps:
    - path: output/preprocessed_data.joblib
      hash: md5
      md5: ac49dc882fc7d8d592f72d09c00c2ed8
      size: 251348
    - path: src/text_classification.py
      hash: md5
      md5: ea5cea56efbcfb732c31873c80d5d462
      size: 3290
    outs:
    - path: output/model.joblib
      hash: md5
      md5: 369de589ae207aa9986b0a8c2f6e3e5e
      size: 10585
